
Microsoft Visual Studio Solution File, Format Version 12.00
# Visual Studio Version 17
VisualStudioVersion = 17.1.32421.90
MinimumVisualStudioVersion = 10.0.40219.1
Project("{FAE04EC0-301F-11D3-BF4B-00C04F79EFBC}") = "Lab4", "Lab4.csproj", "{DF2C5362-F94E-4D08-8986-71832051085C}"
EndProject
Global
	GlobalSection(SolutionConfigurationPlatforms) = preSolution
		Debug|Any CPU = Debug|Any CPU
		Release|Any CPU = Release|Any CPU
	EndGlobalSection
	GlobalSection(ProjectConfigurationPlatforms) = postSolution
		{DF2C5362-F94E-4D08-8986-71832051085C}.Debug|Any CPU.ActiveCfg = Debug|Any CPU
		{DF2C5362-F94E-4D08-8986-71832051085C}.Debug|Any CPU.Build.0 = Debug|Any CPU
		{DF2C5362-F94E-4D08-8986-71832051085C}.Release|Any CPU.ActiveCfg = Release|Any CPU
		{DF2C5362-F94E-4D08-8986-71832051085C}.Release|Any CPU.Build.0 = Release|Any CPU
	EndGlobalSection
	GlobalSection(SolutionProperties) = preSolution
		HideSolutionNode = FALSE
	EndGlobalSection
	GlobalSection(ExtensibilityGlobals) = postSolution
		SolutionGuid = {EFCC9CA3-FDF5-436F-8108-FB7B0F5EAF1B}
	EndGlobalSection
EndGlobal
